{
  "name": "santagirl",
  "version": "1.0.0",
  "lockfileVersion": 3,
  "requires": true,
  "packages": {
    "": {
      "name": "santagirl",
      "version": "1.0.0",
      "license": "ISC",
      "dependencies": {
        "lil-gui": "^0.20.0",
        "three": "^0.182.0"
      }
    },
    "node_modules/lil-gui": {
      "version": "0.20.0",
      "resolved": "https://registry.npmjs.org/lil-gui/-/lil-gui-0.20.0.tgz",
      "integrity": "sha512-k7Ipr0ztqslMA2XvM5z5ZaWhxQtnEOwJBfI/hmSuRh6q4iMG9L0boqqrnZSzBR1jzyJ28OMl47l65ILzRe1TdA==",
      "license": "MIT"
    },
    "node_modules/three": {
      "version": "0.182.0",
      "resolved": "https://registry.npmjs.org/three/-/three-0.182.0.tgz",
      "integrity": "sha512-GbHabT+Irv+ihI1/f5kIIsZ+Ef9Sl5A1Y7imvS5RQjWgtTPfPnZ43JmlYI7NtCRDK9zir20lQpfg8/9Yd02OvQ==",
      "license": "MIT"
    }
  }
}
