{
  "name": "rapier",
  "lockfileVersion": 3,
  "requires": true,
  "packages": {
    "": {
      "dependencies": {
        "@dimforge/rapier3d": "^0.13.1",
        "@dimforge/rapier3d-compat": "^0.13.1",
        "three": "^0.166.1"
      }
    },
    "node_modules/@dimforge/rapier3d": {
      "version": "0.13.1",
      "resolved": "https://registry.npmjs.org/@dimforge/rapier3d/-/rapier3d-0.13.1.tgz",
      "integrity": "sha512-ITCUCqks70njfFt7S+AEynMw4mpNJLmVWkWDzePhe74YLRWbe4Pu8VOyks2hqHBeTCj2Ts7SE5xoyvg9VsyNMg==",
      "license": "Apache-2.0"
    },
    "node_modules/@dimforge/rapier3d-compat": {
      "version": "0.13.1",
      "resolved": "https://registry.npmjs.org/@dimforge/rapier3d-compat/-/rapier3d-compat-0.13.1.tgz",
      "integrity": "sha512-SsQ/MTH4Vvs8f62g31iVV1VOmzwNwsJl91rVzafi5B2mCrI2OsQ3VyjJOb4/tvS5VNc6OLjIDgfClcOAkW+O2A==",
      "license": "Apache-2.0"
    },
    "node_modules/three": {
      "version": "0.166.1",
      "resolved": "https://registry.npmjs.org/three/-/three-0.166.1.tgz",
      "integrity": "sha512-LtuafkKHHzm61AQA1be2MAYIw1IjmhOUxhBa0prrLpEMWbV7ijvxCRHjSgHPGp2493wLBzwKV46tA9nivLEgKg==",
      "license": "MIT"
    }
  }
}
